{
  "lockfileVersion": 1,
  "workspaces": {
    "": {
      "name": "app",
      "dependencies": {
        "@editorjs/checklist": "^1.6.0",
        "@editorjs/editorjs": "^2.30.8",
        "@editorjs/header": "^2.8.8",
        "@editorjs/list": "^2.0.4",
        "@editorjs/quote": "^2.7.6",
        "@editorjs/table": "^2.4.3",
        "@tailwindcss/cli": "^4.0.0",
        "editorjs-drag-drop": "^1.1.16",
        "editorjs-latex": "^1.0.5",
        "editorjs-paragraph-with-alignment": "^3.0.0",
        "editorjs-undo": "^2.0.28",
      },
      "devDependencies": {
        "@tailwindcss/typography": "^0.5.10",
        "bun-types": "latest",
        "daisyui": "^5.0.0-beta.2",
        "tailwindcss": "^4.0.0",
      },
    },
  },
  "packages": {
    "@codexteam/icons": ["@codexteam/icons@0.3.3", "", {}, "sha512-cp7mkZPgmBuSxigTm3Vb+DtVHYeX7qXfQd7o05vcLD8Ag5WvRlol2QSn5P10k0CDAJwmkH9nQGQLBycErS9lsQ=="],

    "@editorjs/checklist": ["@editorjs/checklist@1.6.0", "", { "dependencies": { "@codexteam/icons": "^0.3.0" } }, "sha512-hRNP36DInr73mSK3noHBQeoQb7DA12ANfqTXufEkTgQzx+k4mRJ0HdeGukTIR4JbwjHJ9ecUBnnQqIEGnxCFEg=="],

    "@editorjs/dom": ["@editorjs/dom@0.0.5", "", { "dependencies": { "@editorjs/helpers": "^0.0.4" } }, "sha512-SZ78Gwpkp3EUhjBIp0lSojeQ35V9acF8SubJsMeOH/vlOUE40GOnvvwWZnF05lO7bIB0dOHhhJy4N7IIAWxP2w=="],

    "@editorjs/editorjs": ["@editorjs/editorjs@2.30.8", "", {}, "sha512-ClFuxI1qZTfXPJTacQfsJtOUP6bKoIe6BQNdAvGsDTDVwMnZEzoaSOwvUpdZEE56xppVfQueNK/1MElV9SJKHg=="],

    "@editorjs/header": ["@editorjs/header@2.8.8", "", { "dependencies": { "@codexteam/icons": "^0.0.5", "@editorjs/editorjs": "^2.29.1" } }, "sha512-bsMSs34u2hoi0UBuRoc5EGWXIFzJiwYgkFUYQGVm63y5FU+s8zPBmVx5Ip2sw1xgs0fqfDROqmteMvvmbCy62w=="],

    "@editorjs/helpers": ["@editorjs/helpers@0.0.4", "", {}, "sha512-ieg3dzo2m1/ELze/RMNADiAiC5amXxIlVXoJ5vvXITOu/p/dPsrF+Oi3h5gBYvtGk9vg5LJUSG5YWU0tBUO1tw=="],

    "@editorjs/list": ["@editorjs/list@2.0.4", "", { "dependencies": { "@codexteam/icons": "^0.3.2" } }, "sha512-KLrm/oti5DSx8coNvbgYOwpog3gsCVALoXquNKMvW7BLHeKTMAtg/tO/v7BipgV/EKk5CT+ocoofPtufDU9Irg=="],

    "@editorjs/quote": ["@editorjs/quote@2.7.6", "", { "dependencies": { "@codexteam/icons": "^0.3.2", "@editorjs/dom": "^0.0.5" } }, "sha512-D01KUMSDj2r+6Z+xjDkQqI+y6URpeHCvj0+P4pah+GtkG040lWjFb2H4pgHFXuol2cbfyAoraYSw85fuPheCvw=="],

    "@editorjs/table": ["@editorjs/table@2.4.3", "", { "dependencies": { "@codexteam/icons": "^0.0.6" } }, "sha512-TBLVFA1T6PIZRSWz0gXZUtNrFu4a59FeABM/wS0/Coc/bhOfWBRrf5/Ic5tVHaTazXEo1dYWWrVgg/jRaRnYbw=="],

    "@parcel/watcher": ["@parcel/watcher@2.5.1", "", { "dependencies": { "detect-libc": "^1.0.3", "is-glob": "^4.0.3", "micromatch": "^4.0.5", "node-addon-api": "^7.0.0" }, "optionalDependencies": { "@parcel/watcher-android-arm64": "2.5.1", "@parcel/watcher-darwin-arm64": "2.5.1", "@parcel/watcher-darwin-x64": "2.5.1", "@parcel/watcher-freebsd-x64": "2.5.1", "@parcel/watcher-linux-arm-glibc": "2.5.1", "@parcel/watcher-linux-arm-musl": "2.5.1", "@parcel/watcher-linux-arm64-glibc": "2.5.1", "@parcel/watcher-linux-arm64-musl": "2.5.1", "@parcel/watcher-linux-x64-glibc": "2.5.1", "@parcel/watcher-linux-x64-musl": "2.5.1", "@parcel/watcher-win32-arm64": "2.5.1", "@parcel/watcher-win32-ia32": "2.5.1", "@parcel/watcher-win32-x64": "2.5.1" } }, "sha512-dfUnCxiN9H4ap84DvD2ubjw+3vUNpstxa0TneY/Paat8a3R4uQZDLSvWjmznAY/DoahqTHl9V46HF/Zs3F29pg=="],

    "@parcel/watcher-android-arm64": ["@parcel/watcher-android-arm64@2.5.1", "", { "os": "android", "cpu": "arm64" }, "sha512-KF8+j9nNbUN8vzOFDpRMsaKBHZ/mcjEjMToVMJOhTozkDonQFFrRcfdLWn6yWKCmJKmdVxSgHiYvTCef4/qcBA=="],

    "@parcel/watcher-darwin-arm64": ["@parcel/watcher-darwin-arm64@2.5.1", "", { "os": "darwin", "cpu": "arm64" }, "sha512-eAzPv5osDmZyBhou8PoF4i6RQXAfeKL9tjb3QzYuccXFMQU0ruIc/POh30ePnaOyD1UXdlKguHBmsTs53tVoPw=="],

    "@parcel/watcher-darwin-x64": ["@parcel/watcher-darwin-x64@2.5.1", "", { "os": "darwin", "cpu": "x64" }, "sha512-1ZXDthrnNmwv10A0/3AJNZ9JGlzrF82i3gNQcWOzd7nJ8aj+ILyW1MTxVk35Db0u91oD5Nlk9MBiujMlwmeXZg=="],

    "@parcel/watcher-freebsd-x64": ["@parcel/watcher-freebsd-x64@2.5.1", "", { "os": "freebsd", "cpu": "x64" }, "sha512-SI4eljM7Flp9yPuKi8W0ird8TI/JK6CSxju3NojVI6BjHsTyK7zxA9urjVjEKJ5MBYC+bLmMcbAWlZ+rFkLpJQ=="],

    "@parcel/watcher-linux-arm-glibc": ["@parcel/watcher-linux-arm-glibc@2.5.1", "", { "os": "linux", "cpu": "arm" }, "sha512-RCdZlEyTs8geyBkkcnPWvtXLY44BCeZKmGYRtSgtwwnHR4dxfHRG3gR99XdMEdQ7KeiDdasJwwvNSF5jKtDwdA=="],

    "@parcel/watcher-linux-arm-musl": ["@parcel/watcher-linux-arm-musl@2.5.1", "", { "os": "linux", "cpu": "arm" }, "sha512-6E+m/Mm1t1yhB8X412stiKFG3XykmgdIOqhjWj+VL8oHkKABfu/gjFj8DvLrYVHSBNC+/u5PeNrujiSQ1zwd1Q=="],

    "@parcel/watcher-linux-arm64-glibc": ["@parcel/watcher-linux-arm64-glibc@2.5.1", "", { "os": "linux", "cpu": "arm64" }, "sha512-LrGp+f02yU3BN9A+DGuY3v3bmnFUggAITBGriZHUREfNEzZh/GO06FF5u2kx8x+GBEUYfyTGamol4j3m9ANe8w=="],

    "@parcel/watcher-linux-arm64-musl": ["@parcel/watcher-linux-arm64-musl@2.5.1", "", { "os": "linux", "cpu": "arm64" }, "sha512-cFOjABi92pMYRXS7AcQv9/M1YuKRw8SZniCDw0ssQb/noPkRzA+HBDkwmyOJYp5wXcsTrhxO0zq1U11cK9jsFg=="],

    "@parcel/watcher-linux-x64-glibc": ["@parcel/watcher-linux-x64-glibc@2.5.1", "", { "os": "linux", "cpu": "x64" }, "sha512-GcESn8NZySmfwlTsIur+49yDqSny2IhPeZfXunQi48DMugKeZ7uy1FX83pO0X22sHntJ4Ub+9k34XQCX+oHt2A=="],

    "@parcel/watcher-linux-x64-musl": ["@parcel/watcher-linux-x64-musl@2.5.1", "", { "os": "linux", "cpu": "x64" }, "sha512-n0E2EQbatQ3bXhcH2D1XIAANAcTZkQICBPVaxMeaCVBtOpBZpWJuf7LwyWPSBDITb7In8mqQgJ7gH8CILCURXg=="],

    "@parcel/watcher-win32-arm64": ["@parcel/watcher-win32-arm64@2.5.1", "", { "os": "win32", "cpu": "arm64" }, "sha512-RFzklRvmc3PkjKjry3hLF9wD7ppR4AKcWNzH7kXR7GUe0Igb3Nz8fyPwtZCSquGrhU5HhUNDr/mKBqj7tqA2Vw=="],

    "@parcel/watcher-win32-ia32": ["@parcel/watcher-win32-ia32@2.5.1", "", { "os": "win32", "cpu": "ia32" }, "sha512-c2KkcVN+NJmuA7CGlaGD1qJh1cLfDnQsHjE89E60vUEMlqduHGCdCLJCID5geFVM0dOtA3ZiIO8BoEQmzQVfpQ=="],

    "@parcel/watcher-win32-x64": ["@parcel/watcher-win32-x64@2.5.1", "", { "os": "win32", "cpu": "x64" }, "sha512-9lHBdJITeNR++EvSQVUcaZoWupyHfXe1jZvGZ06O/5MflPcuPLtEphScIBL+AiCWBO46tDSHzWyD0uDmmZqsgA=="],

    "@tailwindcss/cli": ["@tailwindcss/cli@4.0.0", "", { "dependencies": { "@parcel/watcher": "^2.5.0", "@tailwindcss/node": "^4.0.0", "@tailwindcss/oxide": "^4.0.0", "enhanced-resolve": "^5.18.0", "lightningcss": "^1.29.1", "mri": "^1.2.0", "picocolors": "^1.1.1", "tailwindcss": "4.0.0" }, "bin": { "tailwindcss": "dist/index.mjs" } }, "sha512-nh6kzSTalHf9yk6WNsS4MMZakSINsncNQXsSJthvcPI4x+yajEaNQvS2uUti3PGLbsmlGoUvjhnGTBpzh7H0bA=="],

    "@tailwindcss/node": ["@tailwindcss/node@4.0.0", "", { "dependencies": { "enhanced-resolve": "^5.18.0", "jiti": "^2.4.2", "tailwindcss": "4.0.0" } }, "sha512-tfG2uBvo6j6kDIPmntxwXggCOZAt7SkpAXJ6pTIYirNdk5FBqh/CZZ9BZPpgcl/tNFLs6zc4yghM76sqiELG9g=="],

    "@tailwindcss/oxide": ["@tailwindcss/oxide@4.0.0", "", { "optionalDependencies": { "@tailwindcss/oxide-android-arm64": "4.0.0", "@tailwindcss/oxide-darwin-arm64": "4.0.0", "@tailwindcss/oxide-darwin-x64": "4.0.0", "@tailwindcss/oxide-freebsd-x64": "4.0.0", "@tailwindcss/oxide-linux-arm-gnueabihf": "4.0.0", "@tailwindcss/oxide-linux-arm64-gnu": "4.0.0", "@tailwindcss/oxide-linux-arm64-musl": "4.0.0", "@tailwindcss/oxide-linux-x64-gnu": "4.0.0", "@tailwindcss/oxide-linux-x64-musl": "4.0.0", "@tailwindcss/oxide-win32-arm64-msvc": "4.0.0", "@tailwindcss/oxide-win32-x64-msvc": "4.0.0" } }, "sha512-W3FjpJgy4VV1JiL7iBYDf2n/WkeDg1Il+0Q7eWnqPyvkPPCo/Mbwc5BiaT7dfBNV6tQKAhVE34rU5xl8pSl50w=="],

    "@tailwindcss/oxide-android-arm64": ["@tailwindcss/oxide-android-arm64@4.0.0", "", { "os": "android", "cpu": "arm64" }, "sha512-EAhjU0+FIdyGPR+7MbBWubLLPtmOu+p7c2egTTFBRk/n//zYjNvVK0WhcBK5Y7oUB5mo4EjA2mCbY7dcEMWSRw=="],

    "@tailwindcss/oxide-darwin-arm64": ["@tailwindcss/oxide-darwin-arm64@4.0.0", "", { "os": "darwin", "cpu": "arm64" }, "sha512-hdz4xnSWS11cIp+7ye+3dGHqs0X33z+BXXTtgPOguDWVa+TdXUzwxonklSzf5wlJFuot3dv5eWzhlNai0oYYQg=="],

    "@tailwindcss/oxide-darwin-x64": ["@tailwindcss/oxide-darwin-x64@4.0.0", "", { "os": "darwin", "cpu": "x64" }, "sha512-+dOUUaXTkPKKhtUI9QtVaYg+MpmLh2CN0dHohiYXaBirEyPMkjaT0zbRgzQlNnQWjCVVXPQluIEb0OMEjSTH+Q=="],

    "@tailwindcss/oxide-freebsd-x64": ["@tailwindcss/oxide-freebsd-x64@4.0.0", "", { "os": "freebsd", "cpu": "x64" }, "sha512-CJhGDhxnrmu4SwyC62fA+wP24MhA/TZlIhRHqg1kRuIHoGoVR2uSSm1qxTxU37tSSZj8Up0q6jsBJCAP4k7rgQ=="],

    "@tailwindcss/oxide-linux-arm-gnueabihf": ["@tailwindcss/oxide-linux-arm-gnueabihf@4.0.0", "", { "os": "linux", "cpu": "arm" }, "sha512-Wy7Av0xzXfY2ujZBcYy4+7GQm25/J1iHvlQU2CfwdDCuPWfIjYzR6kggz+uVdSJyKV2s64znchBxRE8kV4uXSA=="],

    "@tailwindcss/oxide-linux-arm64-gnu": ["@tailwindcss/oxide-linux-arm64-gnu@4.0.0", "", { "os": "linux", "cpu": "arm64" }, "sha512-srwBo2l6pvM0swBntc1ucuhGsfFOLkqPRFQ3dWARRTfSkL1U9nAsob2MKc/n47Eva/W9pZZgMOuf7rDw8pK1Ew=="],

    "@tailwindcss/oxide-linux-arm64-musl": ["@tailwindcss/oxide-linux-arm64-musl@4.0.0", "", { "os": "linux", "cpu": "arm64" }, "sha512-abhusswkduYWuezkBmgo0K0/erGq3M4Se5xP0fhc/0dKs0X/rJUYYCFWntHb3IGh3aVzdQ0SXJs93P76DbUqtw=="],

    "@tailwindcss/oxide-linux-x64-gnu": ["@tailwindcss/oxide-linux-x64-gnu@4.0.0", "", { "os": "linux", "cpu": "x64" }, "sha512-hGtRYIUEx377/HlU49+jvVKKwU1MDSKYSMMs0JFO2Wp7LGxk5+0j5+RBk9NFnmp/lbp32yPTgIOO5m1BmDq36A=="],

    "@tailwindcss/oxide-linux-x64-musl": ["@tailwindcss/oxide-linux-x64-musl@4.0.0", "", { "os": "linux", "cpu": "x64" }, "sha512-7xgQgSAThs0I14VAgmxpJnK6XFSZBxHMGoDXkLyYkEnu+8WRQMbCP93dkCUn2PIv+Q+JulRgc00PJ09uORSLXQ=="],

    "@tailwindcss/oxide-win32-arm64-msvc": ["@tailwindcss/oxide-win32-arm64-msvc@4.0.0", "", { "os": "win32", "cpu": "arm64" }, "sha512-qEcgTIPcWY5ZE7f6VxQ/JPrSFMcehzVIlZj7sGE3mVd5YWreAT+Fl1vSP8q2pjnWXn0avZG3Iw7a2hJQAm+fTQ=="],

    "@tailwindcss/oxide-win32-x64-msvc": ["@tailwindcss/oxide-win32-x64-msvc@4.0.0", "", { "os": "win32", "cpu": "x64" }, "sha512-bqT0AY8RXb8GMDy28JtngvqaOSB2YixbLPLvUo6I6lkvvUwA6Eqh2Tj60e2Lh7O/k083f8tYiB0WEK4wmTI7Jg=="],

    "@tailwindcss/typography": ["@tailwindcss/typography@0.5.16", "", { "dependencies": { "lodash.castarray": "^4.4.0", "lodash.isplainobject": "^4.0.6", "lodash.merge": "^4.6.2", "postcss-selector-parser": "6.0.10" }, "peerDependencies": { "tailwindcss": ">=3.0.0 || insiders || >=4.0.0-alpha.20 || >=4.0.0-beta.1" } }, "sha512-0wDLwCVF5V3x3b1SGXPCDcdsbDHMBe+lkFzBRaHeLvNi+nrrnZ1lA18u+OTWO8iSWU2GxUOCvlXtDuqftc1oiA=="],

    "@types/node": ["@types/node@22.10.10", "", { "dependencies": { "undici-types": "~6.20.0" } }, "sha512-X47y/mPNzxviAGY5TcYPtYL8JsY3kAq2n8fMmKoRCxq/c4v4pyGNCzM2R6+M5/umG4ZfHuT+sgqDYqWc9rJ6ww=="],

    "@types/ws": ["@types/ws@8.5.14", "", { "dependencies": { "@types/node": "*" } }, "sha512-bd/YFLW+URhBzMXurx7lWByOu+xzU9+kb3RboOteXYDfW+tr+JZa99OyNmPINEGB/ahzKrEuc8rcv4gnpJmxTw=="],

    "braces": ["braces@3.0.3", "", { "dependencies": { "fill-range": "^7.1.1" } }, "sha512-yQbXgO/OSZVD2IsiLlro+7Hf6Q18EJrKSEsdoMzKePKXct3gvD8oLcOQdIzGupr5Fj+EDe8gO/lxc1BzfMpxvA=="],

    "bun-types": ["bun-types@1.2.0", "", { "dependencies": { "@types/node": "*", "@types/ws": "~8.5.10" } }, "sha512-KEaJxyZfbV/c4eyG0vyehDpYmBGreNiQbZIqvVHJwZ4BmeuWlNZ7EAzMN2Zcd7ailmS/tGVW0BgYbGf+lGEpWw=="],

    "commander": ["commander@8.3.0", "", {}, "sha512-OkTL9umf+He2DZkUq8f8J9of7yL6RJKI24dVITBmNfZBmri9zYZQrKkuXiKhyfPSu8tUhnVBB1iKXevvnlR4Ww=="],

    "cssesc": ["cssesc@3.0.0", "", { "bin": { "cssesc": "bin/cssesc" } }, "sha512-/Tb/JcjK111nNScGob5MNtsntNM1aCNUDipB/TkwZFhyDrrE47SOx/18wF2bbjgc3ZzCSKW1T5nt5EbFoAz/Vg=="],

    "daisyui": ["daisyui@5.0.0-beta.2", "", {}, "sha512-H1gXtcQhjcKze3UBq23dJUyKYIxHrVIKb6XtDfnSh6Ft4d0BMfPOwuvzIsuEe5PkbBm9kZH0ny+aQqiDosqpPQ=="],

    "detect-libc": ["detect-libc@1.0.3", "", { "bin": { "detect-libc": "./bin/detect-libc.js" } }, "sha512-pGjwhsmsp4kL2RTz08wcOlGN83otlqHeD/Z5T8GXZB+/YcpQ/dgo+lbU8ZsGxV0HIvqqxo9l7mqYwyYMD9bKDg=="],

    "editorjs-drag-drop": ["editorjs-drag-drop@1.1.16", "", {}, "sha512-yOyKZqqZepkdbDQbAw1bZr3mQewkT4a9QgufWW3Aoy1qcTka8uHR01T/dGHqrpyYrF56ykyidPyp0LX79LEHHQ=="],

    "editorjs-latex": ["editorjs-latex@1.0.5", "", { "dependencies": { "katex": "^0.16.4" } }, "sha512-qT4aQBnaXK1VA3FGRlTCVpmnf7Mj3OD5RXpfRTsQHSL/wrOsoVcXhPGvNkZm1qTAj6m7rVLXmwXqvBxURF1DBA=="],

    "editorjs-paragraph-with-alignment": ["editorjs-paragraph-with-alignment@3.0.0", "", {}, "sha512-vSjjB/KUECEBxYqbj9yn1L799L14n0uoKrvk5qfaAokIHB8mYg5hZ8mOTtoS2cJu+xE3QZ/jmHY/Fh0EJeM8ZQ=="],

    "editorjs-undo": ["editorjs-undo@2.0.28", "", { "dependencies": { "vanilla-caret-js": "^1.0.1" } }, "sha512-7MiLdjIsPOXn8+cHDeAt2HapVklg4vcLWWkd2eMMlGI6UVtwYSjdQquDSv9752B/fOEP1C3NMF2sdiCoZV3tTA=="],

    "enhanced-resolve": ["enhanced-resolve@5.18.0", "", { "dependencies": { "graceful-fs": "^4.2.4", "tapable": "^2.2.0" } }, "sha512-0/r0MySGYG8YqlayBZ6MuCfECmHFdJ5qyPh8s8wa5Hnm6SaFLSK1VYCbj+NKp090Nm1caZhD+QTnmxO7esYGyQ=="],

    "fill-range": ["fill-range@7.1.1", "", { "dependencies": { "to-regex-range": "^5.0.1" } }, "sha512-YsGpe3WHLK8ZYi4tWDg2Jy3ebRz2rXowDxnld4bkQB00cc/1Zw9AWnC0i9ztDJitivtQvaI9KaLyKrc+hBW0yg=="],

    "graceful-fs": ["graceful-fs@4.2.11", "", {}, "sha512-RbJ5/jmFcNNCcDV5o9eTnBLJ/HszWV0P73bc+Ff4nS/rJj+YaS6IGyiOL0VoBYX+l1Wrl3k63h/KrH+nhJ0XvQ=="],

    "is-extglob": ["is-extglob@2.1.1", "", {}, "sha512-SbKbANkN603Vi4jEZv49LeVJMn4yGwsbzZworEoyEiutsN3nJYdbO36zfhGJ6QEDpOZIFkDtnq5JRxmvl3jsoQ=="],

    "is-glob": ["is-glob@4.0.3", "", { "dependencies": { "is-extglob": "^2.1.1" } }, "sha512-xelSayHH36ZgE7ZWhli7pW34hNbNl8Ojv5KVmkJD4hBdD3th8Tfk9vYasLM+mXWOZhFkgZfxhLSnrwRr4elSSg=="],

    "is-number": ["is-number@7.0.0", "", {}, "sha512-41Cifkg6e8TylSpdtTpeLVMqvSBEVzTttHvERD741+pnZ8ANv0004MRL43QKPDlK9cGvNp6NZWZUBlbGXYxxng=="],

    "jiti": ["jiti@2.4.2", "", { "bin": { "jiti": "lib/jiti-cli.mjs" } }, "sha512-rg9zJN+G4n2nfJl5MW3BMygZX56zKPNVEYYqq7adpmMh4Jn2QNEwhvQlFy6jPVdcod7txZtKHWnyZiA3a0zP7A=="],

    "katex": ["katex@0.16.21", "", { "dependencies": { "commander": "^8.3.0" }, "bin": { "katex": "cli.js" } }, "sha512-XvqR7FgOHtWupfMiigNzmh+MgUVmDGU2kXZm899ZkPfcuoPuFxyHmXsgATDpFZDAXCI8tvinaVcDo8PIIJSo4A=="],

    "lightningcss": ["lightningcss@1.29.1", "", { "dependencies": { "detect-libc": "^1.0.3" }, "optionalDependencies": { "lightningcss-darwin-arm64": "1.29.1", "lightningcss-darwin-x64": "1.29.1", "lightningcss-freebsd-x64": "1.29.1", "lightningcss-linux-arm-gnueabihf": "1.29.1", "lightningcss-linux-arm64-gnu": "1.29.1", "lightningcss-linux-arm64-musl": "1.29.1", "lightningcss-linux-x64-gnu": "1.29.1", "lightningcss-linux-x64-musl": "1.29.1", "lightningcss-win32-arm64-msvc": "1.29.1", "lightningcss-win32-x64-msvc": "1.29.1" } }, "sha512-FmGoeD4S05ewj+AkhTY+D+myDvXI6eL27FjHIjoyUkO/uw7WZD1fBVs0QxeYWa7E17CUHJaYX/RUGISCtcrG4Q=="],

    "lightningcss-darwin-arm64": ["lightningcss-darwin-arm64@1.29.1", "", { "os": "darwin", "cpu": "arm64" }, "sha512-HtR5XJ5A0lvCqYAoSv2QdZZyoHNttBpa5EP9aNuzBQeKGfbyH5+UipLWvVzpP4Uml5ej4BYs5I9Lco9u1fECqw=="],

    "lightningcss-darwin-x64": ["lightningcss-darwin-x64@1.29.1", "", { "os": "darwin", "cpu": "x64" }, "sha512-k33G9IzKUpHy/J/3+9MCO4e+PzaFblsgBjSGlpAaFikeBFm8B/CkO3cKU9oI4g+fjS2KlkLM/Bza9K/aw8wsNA=="],

    "lightningcss-freebsd-x64": ["lightningcss-freebsd-x64@1.29.1", "", { "os": "freebsd", "cpu": "x64" }, "sha512-0SUW22fv/8kln2LnIdOCmSuXnxgxVC276W5KLTwoehiO0hxkacBxjHOL5EtHD8BAXg2BvuhsJPmVMasvby3LiQ=="],

    "lightningcss-linux-arm-gnueabihf": ["lightningcss-linux-arm-gnueabihf@1.29.1", "", { "os": "linux", "cpu": "arm" }, "sha512-sD32pFvlR0kDlqsOZmYqH/68SqUMPNj+0pucGxToXZi4XZgZmqeX/NkxNKCPsswAXU3UeYgDSpGhu05eAufjDg=="],

    "lightningcss-linux-arm64-gnu": ["lightningcss-linux-arm64-gnu@1.29.1", "", { "os": "linux", "cpu": "arm64" }, "sha512-0+vClRIZ6mmJl/dxGuRsE197o1HDEeeRk6nzycSy2GofC2JsY4ifCRnvUWf/CUBQmlrvMzt6SMQNMSEu22csWQ=="],

    "lightningcss-linux-arm64-musl": ["lightningcss-linux-arm64-musl@1.29.1", "", { "os": "linux", "cpu": "arm64" }, "sha512-UKMFrG4rL/uHNgelBsDwJcBqVpzNJbzsKkbI3Ja5fg00sgQnHw/VrzUTEc4jhZ+AN2BvQYz/tkHu4vt1kLuJyw=="],

    "lightningcss-linux-x64-gnu": ["lightningcss-linux-x64-gnu@1.29.1", "", { "os": "linux", "cpu": "x64" }, "sha512-u1S+xdODy/eEtjADqirA774y3jLcm8RPtYztwReEXoZKdzgsHYPl0s5V52Tst+GKzqjebkULT86XMSxejzfISw=="],

    "lightningcss-linux-x64-musl": ["lightningcss-linux-x64-musl@1.29.1", "", { "os": "linux", "cpu": "x64" }, "sha512-L0Tx0DtaNUTzXv0lbGCLB/c/qEADanHbu4QdcNOXLIe1i8i22rZRpbT3gpWYsCh9aSL9zFujY/WmEXIatWvXbw=="],

    "lightningcss-win32-arm64-msvc": ["lightningcss-win32-arm64-msvc@1.29.1", "", { "os": "win32", "cpu": "arm64" }, "sha512-QoOVnkIEFfbW4xPi+dpdft/zAKmgLgsRHfJalEPYuJDOWf7cLQzYg0DEh8/sn737FaeMJxHZRc1oBreiwZCjog=="],

    "lightningcss-win32-x64-msvc": ["lightningcss-win32-x64-msvc@1.29.1", "", { "os": "win32", "cpu": "x64" }, "sha512-NygcbThNBe4JElP+olyTI/doBNGJvLs3bFCRPdvuCcxZCcCZ71B858IHpdm7L1btZex0FvCmM17FK98Y9MRy1Q=="],

    "lodash.castarray": ["lodash.castarray@4.4.0", "", {}, "sha512-aVx8ztPv7/2ULbArGJ2Y42bG1mEQ5mGjpdvrbJcJFU3TbYybe+QlLS4pst9zV52ymy2in1KpFPiZnAOATxD4+Q=="],

    "lodash.isplainobject": ["lodash.isplainobject@4.0.6", "", {}, "sha512-oSXzaWypCMHkPC3NvBEaPHf0KsA5mvPrOPgQWDsbg8n7orZ290M0BmC/jgRZ4vcJ6DTAhjrsSYgdsW/F+MFOBA=="],

    "lodash.merge": ["lodash.merge@4.6.2", "", {}, "sha512-0KpjqXRVvrYyCsX1swR/XTK0va6VQkQM6MNo7PqW77ByjAhoARA8EfrP1N4+KlKj8YS0ZUCtRT/YUuhyYDujIQ=="],

    "micromatch": ["micromatch@4.0.8", "", { "dependencies": { "braces": "^3.0.3", "picomatch": "^2.3.1" } }, "sha512-PXwfBhYu0hBCPw8Dn0E+WDYb7af3dSLVWKi3HGv84IdF4TyFoC0ysxFd0Goxw7nSv4T/PzEJQxsYsEiFCKo2BA=="],

    "mri": ["mri@1.2.0", "", {}, "sha512-tzzskb3bG8LvYGFF/mDTpq3jpI6Q9wc3LEmBaghu+DdCssd1FakN7Bc0hVNmEyGq1bq3RgfkCb3cmQLpNPOroA=="],

    "node-addon-api": ["node-addon-api@7.1.1", "", {}, "sha512-5m3bsyrjFWE1xf7nz7YXdN4udnVtXK6/Yfgn5qnahL6bCkf2yKt4k3nuTKAtT4r3IG8JNR2ncsIMdZuAzJjHQQ=="],

    "picocolors": ["picocolors@1.1.1", "", {}, "sha512-xceH2snhtb5M9liqDsmEw56le376mTZkEX/jEb/RxNFyegNul7eNslCXP9FDj/Lcu0X8KEyMceP2ntpaHrDEVA=="],

    "picomatch": ["picomatch@2.3.1", "", {}, "sha512-JU3teHTNjmE2VCGFzuY8EXzCDVwEqB2a8fsIvwaStHhAWJEeVd1o1QD80CU6+ZdEXXSLbSsuLwJjkCBWqRQUVA=="],

    "postcss-selector-parser": ["postcss-selector-parser@6.0.10", "", { "dependencies": { "cssesc": "^3.0.0", "util-deprecate": "^1.0.2" } }, "sha512-IQ7TZdoaqbT+LCpShg46jnZVlhWD2w6iQYAcYXfHARZ7X1t/UGhhceQDs5X0cGqKvYlHNOuv7Oa1xmb0oQuA3w=="],

    "tailwindcss": ["tailwindcss@4.0.0", "", {}, "sha512-ULRPI3A+e39T7pSaf1xoi58AqqJxVCLg8F/uM5A3FadUbnyDTgltVnXJvdkTjwCOGA6NazqHVcwPJC5h2vRYVQ=="],

    "tapable": ["tapable@2.2.1", "", {}, "sha512-GNzQvQTOIP6RyTfE2Qxb8ZVlNmw0n88vp1szwWRimP02mnTsx3Wtn5qRdqY9w2XduFNUgvOwhNnQsjwCp+kqaQ=="],

    "to-regex-range": ["to-regex-range@5.0.1", "", { "dependencies": { "is-number": "^7.0.0" } }, "sha512-65P7iz6X5yEr1cwcgvQxbbIw7Uk3gOy5dIdtZ4rDveLqhrdJP+Li/Hx6tyK0NEb+2GCyneCMJiGqrADCSNk8sQ=="],

    "undici-types": ["undici-types@6.20.0", "", {}, "sha512-Ny6QZ2Nju20vw1SRHe3d9jVu6gJ+4e3+MMpqu7pqE5HT6WsTSlce++GQmK5UXS8mzV8DSYHrQH+Xrf2jVcuKNg=="],

    "util-deprecate": ["util-deprecate@1.0.2", "", {}, "sha512-EPD5q1uXyFxJpCrLnCc1nHnq3gOa6DZBocAIiI2TaSCA7VCJ1UJDMagCzIkXNsUYfD1daK//LTEQ8xiIbrHtcw=="],

    "vanilla-caret-js": ["vanilla-caret-js@1.1.0", "", {}, "sha512-vl3R4Xjqb+xnM0gYyg+wcqWGYwKKnkz58Yj29/FQB+w+yP7R8IR1DGoJnDIs05moEZiGlQUTabPMoEtnQNcrpQ=="],

    "@editorjs/header/@codexteam/icons": ["@codexteam/icons@0.0.5", "", {}, "sha512-s6H2KXhLz2rgbMZSkRm8dsMJvyUNZsEjxobBEg9ztdrb1B2H3pEzY6iTwI4XUPJWJ3c3qRKwV4TrO3J5jUdoQA=="],

    "@editorjs/table/@codexteam/icons": ["@codexteam/icons@0.0.6", "", {}, "sha512-L7Q5PET8PjKcBT5wp7VR+FCjwCi5PUp7rd/XjsgQ0CI5FJz0DphyHGRILMuDUdCW2MQT9NHbVr4QP31vwAkS/A=="],
  }
}
